version = 1
revision = 3
requires-python = ">=3.14"

[[package]]
name = "asgiref"
version = "3.11.1"
source = { registry = "https://pypi.org/simple" }
sdist = { url = "https://files.pythonhosted.org/packages/63/40/f03da1264ae8f7cfdbf9146542e5e7e8100a4c66ab48e791df9a03d3f6c0/asgiref-3.11.1.tar.gz", hash = "sha256:5f184dc43b7e763efe848065441eac62229c9f7b0475f41f80e207a114eda4ce", size = 38550, upload-time = "2026-02-03T13:30:14.33Z" }
wheels = [
    { url = "https://files.pythonhosted.org/packages/5c/0a/a72d10ed65068e115044937873362e6e32fab1b7dce0046aeb224682c989/asgiref-3.11.1-py3-none-any.whl", hash = "sha256:e8667a091e69529631969fd45dc268fa79b99c92c5fcdda727757e52146ec133", size = 24345, upload-time = "2026-02-03T13:30:13.039Z" },
]

[[package]]
name = "bytecode"
version = "0.18.1"
source = { registry = "https://pypi.org/simple" }
sdist = { url = "https://files.pythonhosted.org/packages/27/8f/7d12c539869a5cbd801d550b86cc0f030ecaeb12f57f8b3ff19f2d2a184c/bytecode-0.18.1.tar.gz", hash = "sha256:d9564f1565fe1ae6a1173e544ef43a85f093e83997ef45af65d0d250eb48d7a1", size = 104631, upload-time = "2026-06-03T14:17:59.115Z" }
wheels = [
    { url = "https://files.pythonhosted.org/packages/d9/ef/6a629424ec08adc3819ddfd7ec0a710361eaa29d1e5fffb4e02f074be5c9/bytecode-0.18.1-py3-none-any.whl", hash = "sha256:9535bfdd665260b2888ec4121569e3ca5106965a7fedbb6de6ba1bafebc5c7d7", size = 42868, upload-time = "2026-06-03T14:17:57.654Z" },
]

[[package]]
name = "dd-panic-repro"
version = "0.1.0"
source = { virtual = "." }
dependencies = [
    { name = "ddtrace" },
    { name = "django" },
    { name = "uwsgi" },
]

[package.metadata]
requires-dist = [
    { name = "ddtrace", specifier = ">=4.12.0" },
    { name = "django", specifier = ">=6.0.7" },
    { name = "uwsgi", specifier = ">=2.0.31" },
]

[[package]]
name = "ddtrace"
version = "4.12.0"
source = { registry = "https://pypi.org/simple" }
dependencies = [
    { name = "bytecode" },
    { name = "envier" },
    { name = "opentelemetry-api" },
    { name = "wrapt" },
]
sdist = { url = "https://files.pythonhosted.org/packages/1d/34/4971944b759647238d68d92e52fa8edfcd0bc715b23ba8608a1f55f9bbe8/ddtrace-4.12.0.tar.gz", hash = "sha256:4dacd7b993d0f3922b72abca37a60911754e21c401f0b9690fdf68522712b588", size = 2508255, upload-time = "2026-07-27T14:24:14.124Z" }
wheels = [
    { url = "https://files.pythonhosted.org/packages/cc/97/fcb42bd20abcc2d3eb954191db42bfe945ade2455afbcaaddd904443b5a1/ddtrace-4.12.0-cp314-cp314-macosx_14_0_arm64.whl", hash = "sha256:4e34d64a7af27df4d5e08fae57df13a0a6a7bccf9372ea706a74a2048a421a87", size = 7261715, upload-time = "2026-07-27T14:23:01.553Z" },
    { url = "https://files.pythonhosted.org/packages/85/a5/28a2acecb678f4ae16c7375be914366e5f579a97841f2e5a2df0a948edf8/ddtrace-4.12.0-cp314-cp314-macosx_14_0_x86_64.whl", hash = "sha256:b5a98112131a9221e5356a54b556bc56be6a28b862d3500018cb6b792463a014", size = 7604174, upload-time = "2026-07-27T14:23:04.442Z" },
    { url = "https://files.pythonhosted.org/packages/e5/2a/9ee5c62dbf55d26bccbaab0af67e2a65eeb5d8a5e4c606b7268d48e103a1/ddtrace-4.12.0-cp314-cp314-manylinux2014_aarch64.manylinux_2_17_aarch64.whl", hash = "sha256:48610bbe461c02fe974546874f89165b7f7178540aa46303dc4b547138aee699", size = 8606456, upload-time = "2026-07-27T14:23:07.205Z" },
    { url = "https://files.pythonhosted.org/packages/8e/22/30c1343ffb3557d764254ab460f62f1add53a9cc6efd93dd6a67bb1a3660/ddtrace-4.12.0-cp314-cp314-manylinux2014_x86_64.manylinux_2_17_x86_64.whl", hash = "sha256:687d8c3bf19fc277bd3ccf2dd2a535d133a7c5aa72c61d2f8dd334c803104a4c", size = 8833305, upload-time = "2026-07-27T14:23:10.419Z" },
    { url = "https://files.pythonhosted.org/packages/a5/ea/7fff97206d3fb81e0100d632584cfee34aafba92b5068351865a33844f28/ddtrace-4.12.0-cp314-cp314-musllinux_1_2_aarch64.whl", hash = "sha256:1ddf90281a5b4af868cc69faf4fe3c1fae37eccd3a353d12efc0f9eefd340359", size = 9613805, upload-time = "2026-07-27T14:23:13.431Z" },
    { url = "https://files.pythonhosted.org/packages/ec/f1/684ee653641ed97160025585431e1fa30ff37cf9c85a8e39714b6585046c/ddtrace-4.12.0-cp314-cp314-musllinux_1_2_x86_64.whl", hash = "sha256:53e760775c383ce8bde206f9bb78bf46682489ac4e934d580d6daf6179ed8961", size = 9904064, upload-time = "2026-07-27T14:23:16.539Z" },
    { url = "https://files.pythonhosted.org/packages/7f/2d/03497026702ee3bd5d74ffa651e92f15eb1844c0506dc05cf8aab3632ec5/ddtrace-4.12.0-cp314-cp314-win32.whl", hash = "sha256:f73d7ad5e3d97ebbb9d964bb36760d061176bed8f19963e10905b0f013c4ed91", size = 6538309, upload-time = "2026-07-27T14:23:19.898Z" },
    { url = "https://files.pythonhosted.org/packages/3b/db/430378075ea83127b6d7f019c331d4caa6d15ec587e932dbb1f89000a769/ddtrace-4.12.0-cp314-cp314-win_amd64.whl", hash = "sha256:4b60cd057e054d06853074c797b8c2917ce9ab2e841eabe1451e50b22fe48bb5", size = 7198013, upload-time = "2026-07-27T14:23:23.034Z" },
    { url = "https://files.pythonhosted.org/packages/a0/8f/3bba47f425362c06d1c7ce3d50696c9650ef5624d45d251516cd0aa9c753/ddtrace-4.12.0-cp314-cp314-win_arm64.whl", hash = "sha256:8f0344fec0d4ce37c938ca8813e84052f2c98f26f9d3ec1bc27b7be30b38bfa5", size = 7237458, upload-time = "2026-07-27T14:23:26.461Z" },
    { url = "https://files.pythonhosted.org/packages/b0/0d/1f7893468792d8dba640552546d4a338b3aeb4688786c83b880db2f57e71/ddtrace-4.12.0-cp315-cp315-manylinux2014_aarch64.manylinux_2_17_aarch64.whl", hash = "sha256:a37eb346fd75733666d8515434fe96302c933a66665113fbbc2811ebb06ddaad", size = 7200715, upload-time = "2026-07-27T14:23:30.586Z" },
    { url = "https://files.pythonhosted.org/packages/6f/da/b1cb5f5625fd7e967a82ddc7bb1ccddc22c05ff7fc315d1bca6c5c20930d/ddtrace-4.12.0-cp315-cp315-manylinux2014_x86_64.manylinux_2_17_x86_64.whl", hash = "sha256:2825ff4fd4235f9c766b61808a18c5fd978380e161f7663bd5e94fe836bfe88a", size = 7398505, upload-time = "2026-07-27T14:23:33.579Z" },
    { url = "https://files.pythonhosted.org/packages/68/9d/a33e9e5099606ccf34b1a6659d03efb171446998a2216e442b3691a8abb2/ddtrace-4.12.0-cp315-cp315-musllinux_1_2_aarch64.whl", hash = "sha256:7c6eb5df7176ce4d7981c9ca0124f59a123380b48209744feecb37bc8f2230ec", size = 8212610, upload-time = "2026-07-27T14:23:37.085Z" },
    { url = "https://files.pythonhosted.org/packages/9c/a2/525c33b8d6188f3068035e35859b2fd257b9f5834ac4f227c7632344bc76/ddtrace-4.12.0-cp315-cp315-musllinux_1_2_x86_64.whl", hash = "sha256:39e7d3260fa2892c49281e18fc070edc4893d8ca7796e6e04f7a664d092373a1", size = 8468810, upload-time = "2026-07-27T14:23:40.35Z" },
]

[[package]]
name = "django"
version = "6.0.7"
source = { registry = "https://pypi.org/simple" }
dependencies = [
    { name = "asgiref" },
    { name = "sqlparse" },
    { name = "tzdata", marker = "sys_platform == 'win32'" },
]
sdist = { url = "https://files.pythonhosted.org/packages/89/55/664f24ff81c9ea19cb7dfc851afeae1f3c2390c7aee01d4ded68b5c1580d/django-6.0.7.tar.gz", hash = "sha256:2998503fc083124fb58037084bfa00de323c7c743f05f1b4284e77bff0ab8890", size = 10921299, upload-time = "2026-07-07T13:51:26.485Z" }
wheels = [
    { url = "https://files.pythonhosted.org/packages/ba/ec/1ce5334b6a2c52ce619c23a0be8d366a57a0e080ebb2d88266e5c849157c/django-6.0.7-py3-none-any.whl", hash = "sha256:a037427c2288443a8c02a1b02295a31c239663aa682bc50b1976afb7cf6a769e", size = 8373344, upload-time = "2026-07-07T13:51:20.007Z" },
]

[[package]]
name = "envier"
version = "0.6.1"
source = { registry = "https://pypi.org/simple" }
sdist = { url = "https://files.pythonhosted.org/packages/19/e7/4fe4d3f6e21213cea9bcddc36ba60e6ae4003035f9ce8055e6a9f0322ddb/envier-0.6.1.tar.gz", hash = "sha256:3309a01bb3d8850c9e7a31a5166d5a836846db2faecb79b9cb32654dd50ca9f9", size = 10063, upload-time = "2024-10-22T09:56:47.226Z" }
wheels = [
    { url = "https://files.pythonhosted.org/packages/56/e9/30493b1cc967f7c07869de4b2ab3929151a58e6bb04495015554d24b61db/envier-0.6.1-py3-none-any.whl", hash = "sha256:73609040a76be48bbcb97074d9969666484aa0de706183a6e9ef773156a8a6a9", size = 10638, upload-time = "2024-10-22T09:56:45.968Z" },
]

[[package]]
name = "opentelemetry-api"
version = "1.43.0"
source = { registry = "https://pypi.org/simple" }
dependencies = [
    { name = "typing-extensions" },
]
sdist = { url = "https://files.pythonhosted.org/packages/ae/cc/e4c9584181f86494df0f6bdec1a4f3280c50db44704dc2a407e994fc87bb/opentelemetry_api-1.43.0.tar.gz", hash = "sha256:107d0d03857ea8fc7c5fcbbbd83f800c281f0d560553d61c1d675fccfd1761c1", size = 73476, upload-time = "2026-06-24T15:19:55.323Z" }
wheels = [
    { url = "https://files.pythonhosted.org/packages/17/83/6dba32b85f31868400440dc7ad2ca1eab94cbbf3a7b0459ed39f8311a9e2/opentelemetry_api-1.43.0-py3-none-any.whl", hash = "sha256:20acf45e9b21851926835292e4045d290acade1edd2ff3de86d2f069687ba1fd", size = 61912, upload-time = "2026-06-24T15:19:35.434Z" },
]

[[package]]
name = "sqlparse"
version = "0.5.5"
source = { registry = "https://pypi.org/simple" }
sdist = { url = "https://files.pythonhosted.org/packages/90/76/437d71068094df0726366574cf3432a4ed754217b436eb7429415cf2d480/sqlparse-0.5.5.tar.gz", hash = "sha256:e20d4a9b0b8585fdf63b10d30066c7c94c5d7a7ec47c889a2d83a3caa93ff28e", size = 120815, upload-time = "2025-12-19T07:17:45.073Z" }
wheels = [
    { url = "https://files.pythonhosted.org/packages/49/4b/359f28a903c13438ef59ebeee215fb25da53066db67b305c125f1c6d2a25/sqlparse-0.5.5-py3-none-any.whl", hash = "sha256:12a08b3bf3eec877c519589833aed092e2444e68240a3577e8e26148acc7b1ba", size = 46138, upload-time = "2025-12-19T07:17:46.573Z" },
]

[[package]]
name = "typing-extensions"
version = "4.16.0"
source = { registry = "https://pypi.org/simple" }
sdist = { url = "https://files.pythonhosted.org/packages/f6/cc/6253133b5bb138fc3306cebfbda2c520f545d36b5be2c7255cc528bb45d6/typing_extensions-4.16.0.tar.gz", hash = "sha256:dc983d19a509c94dba722ee6abd33940f7c05a89e243c47e907eb4db6f1a43e5", size = 113555, upload-time = "2026-07-02T08:40:05.92Z" }
wheels = [
    { url = "https://files.pythonhosted.org/packages/49/d3/b8441a820a491ddfc024b0b0cf0393375b75ea13866d9c66727e54c2fc80/typing_extensions-4.16.0-py3-none-any.whl", hash = "sha256:481caa481374e813c1b176ada14e97f1f67a4539ce9cfeb3f350d78d6370c2e8", size = 45571, upload-time = "2026-07-02T08:40:04.659Z" },
]

[[package]]
name = "tzdata"
version = "2026.3"
source = { registry = "https://pypi.org/simple" }
sdist = { url = "https://files.pythonhosted.org/packages/92/ff/5a28bdfd8c3ebec42564ac7d0e54ca3db65044a9314a97f9564fa7a1e926/tzdata-2026.3.tar.gz", hash = "sha256:4a1518b8993086a7982523e071643f3c0e5f213e75b21318e78bcabfff9d1415", size = 198674, upload-time = "2026-07-10T08:50:37.887Z" }
wheels = [
    { url = "https://files.pythonhosted.org/packages/e5/6d/b53b99a9f2766d095985947a5782f1702cabb129a34f7a802d7197af832f/tzdata-2026.3-py2.py3-none-any.whl", hash = "sha256:dc096730c87af6cab1b171c9d532be840741ff5d459015e7f6947bd7d7e54931", size = 348168, upload-time = "2026-07-10T08:50:36.46Z" },
]

[[package]]
name = "uwsgi"
version = "2.0.31"
source = { registry = "https://pypi.org/simple" }
sdist = { url = "https://files.pythonhosted.org/packages/9f/49/2f57640e889ba509fd1fae10cccec1b58972a07c2724486efba94c5ea448/uwsgi-2.0.31.tar.gz", hash = "sha256:e8f8b350ccc106ff93a65247b9136f529c14bf96b936ac5b264c6ff9d0c76257", size = 822796, upload-time = "2025-10-11T19:17:28.794Z" }

[[package]]
name = "wrapt"
version = "2.2.2"
source = { registry = "https://pypi.org/simple" }
sdist = { url = "https://files.pythonhosted.org/packages/fe/a4/282c8e64300a59fc834518a54bf0afabb4ff9218b5fa76958b450459a844/wrapt-2.2.2.tar.gz", hash = "sha256:0788e321027c999bf221b667bd4a54aaefd1a36283749a860ac3eb77daed0302", size = 129068, upload-time = "2026-06-20T23:49:44.49Z" }
wheels = [
    { url = "https://files.pythonhosted.org/packages/24/05/7fd9c3f83b2c74cbfc572a0b88aa37431e04bd8aed70d2c0efd3464206de/wrapt-2.2.2-cp314-cp314-macosx_10_15_x86_64.whl", hash = "sha256:0e64826f920c42d9d9f87e8cc09ffae66c51ede12d59061a5a426deb9aa71745", size = 81341, upload-time = "2026-06-20T23:48:49.39Z" },
    { url = "https://files.pythonhosted.org/packages/4b/68/1bfa43100dd90d4ef74a05897b86275cf57e1313ca14aae2545bc9f872c9/wrapt-2.2.2-cp314-cp314-macosx_11_0_arm64.whl", hash = "sha256:dcaa5e1451bd8751d7bd1568dfa3321c78092a52a7ecb5d1a0f18a5791e1fd00", size = 81921, upload-time = "2026-06-20T23:48:50.986Z" },
    { url = "https://files.pythonhosted.org/packages/74/eb/df7b7f0b631dbbc750f39be27d8b55f65777d8ac86da80e12be41a644c4b/wrapt-2.2.2-cp314-cp314-manylinux1_x86_64.manylinux_2_28_x86_64.manylinux_2_5_x86_64.whl", hash = "sha256:0abfd648dac9ac9c5b3aa9b523d27f1789046640b58dcd5652a720ddb325e1fc", size = 167713, upload-time = "2026-06-20T23:48:52.598Z" },
    { url = "https://files.pythonhosted.org/packages/4d/9a/d1bd36f6d088c8e652a9383cabbd49af30b8c576302a7eccddbab6963e3f/wrapt-2.2.2-cp314-cp314-manylinux2014_aarch64.manylinux_2_17_aarch64.manylinux_2_28_aarch64.whl", hash = "sha256:f4bfd8d1eb438153eff8b8cfe87f032ba65731e1ce06138b5090f745a33f6f95", size = 166779, upload-time = "2026-06-20T23:48:54.33Z" },
    { url = "https://files.pythonhosted.org/packages/4c/ae/24ffacd4187fac2740a1972093929e836dea092d42c87d728cd98fee11a6/wrapt-2.2.2-cp314-cp314-manylinux_2_31_riscv64.manylinux_2_39_riscv64.whl", hash = "sha256:c427c9d06d859848a69f0d928fe28b5c33a941b2265d10a0e1f15cd244f1ee33", size = 158407, upload-time = "2026-06-20T23:48:55.944Z" },
    { url = "https://files.pythonhosted.org/packages/a3/ed/974427668249a356051e8d67d47fa54ef6c777f0fcf3bae9d292c047d4b6/wrapt-2.2.2-cp314-cp314-musllinux_1_2_aarch64.whl", hash = "sha256:4250b43d1a129d947e083c4dc6baf333c9bb34edd26f912d5b0457841fc858ab", size = 166594, upload-time = "2026-06-20T23:48:57.617Z" },
    { url = "https://files.pythonhosted.org/packages/fb/5f/e1d7c6e4523f78db2fbd7826babd0348da1d5e0834c4f918b9ab5757dfae/wrapt-2.2.2-cp314-cp314-musllinux_1_2_riscv64.whl", hash = "sha256:173e5bb5ca350a6e0abab60b7ec7cdd7992a814cb14b4de670a28f067f105663", size = 157068, upload-time = "2026-06-20T23:48:59.171Z" },
    { url = "https://files.pythonhosted.org/packages/1e/c1/7ebd1027f00700c0b0233b20aceef2b4784294ed64971424c4a78e069e34/wrapt-2.2.2-cp314-cp314-musllinux_1_2_x86_64.whl", hash = "sha256:aa14b01804bce36c6d63d7b6a4f55df390f29f8648cc13a1f40b166f4d54680d", size = 166470, upload-time = "2026-06-20T23:49:00.737Z" },
    { url = "https://files.pythonhosted.org/packages/99/eb/974e471a6a978b8180186b8a9dc5ae3361ce269a967190b709b8ce17abfb/wrapt-2.2.2-cp314-cp314-win32.whl", hash = "sha256:58f9f8d637c9a6e245c6ef5b109b67ec187d2faed23d1405656b51d96e0a5b56", size = 78062, upload-time = "2026-06-20T23:49:02.327Z" },
    { url = "https://files.pythonhosted.org/packages/49/ec/e1281156cdc7a66693838ad7a0865ad641c74abd337a957d668b575aaffb/wrapt-2.2.2-cp314-cp314-win_amd64.whl", hash = "sha256:385cb1866f20479e83299af585375bfa0a4b0c6c9907a981483ea782ea8ae406", size = 80832, upload-time = "2026-06-20T23:49:03.837Z" },
    { url = "https://files.pythonhosted.org/packages/45/7d/1b6b5ddd94005a2dac97a4490c9838f3154977850d633abcb65b30089437/wrapt-2.2.2-cp314-cp314-win_arm64.whl", hash = "sha256:8ffbeaea6771a6eba6e6eeb09767864995726bc8240bb54baf88a9bb1db34d5c", size = 80029, upload-time = "2026-06-20T23:49:05.237Z" },
    { url = "https://files.pythonhosted.org/packages/b0/33/9ebcf8aafe91c601127cbd93708c16aa8f688f34a10bf004046803ecdc4f/wrapt-2.2.2-cp314-cp314t-macosx_10_15_x86_64.whl", hash = "sha256:09f811d43f6f33ec7515f0be76b159569f4057ab54d3e079c3204dddb90afa2a", size = 83357, upload-time = "2026-06-20T23:49:06.632Z" },
    { url = "https://files.pythonhosted.org/packages/39/38/ec45b635153327b52e52732a0ea980e5f00b7efba65f9e018828f1e69daa/wrapt-2.2.2-cp314-cp314t-macosx_11_0_arm64.whl", hash = "sha256:a795d3c06e5fbf9ea2f13196180b77aeab1b4685917256ee0d014cc163d90063", size = 83794, upload-time = "2026-06-20T23:49:08.098Z" },
    { url = "https://files.pythonhosted.org/packages/4e/ea/1a89e6d3b7a83c3affe5c09cde77792c947e63e4bc85ad84cd5bb9abb0d8/wrapt-2.2.2-cp314-cp314t-manylinux1_x86_64.manylinux_2_28_x86_64.manylinux_2_5_x86_64.whl", hash = "sha256:45c2f2768e790c9f8db90f239ef23a2af8e7570f25a35619ef902df4a738447f", size = 203362, upload-time = "2026-06-20T23:49:09.811Z" },
    { url = "https://files.pythonhosted.org/packages/19/d8/3b58763d9863b5a73771c0d97110f9595d248db454009e07e1535ee905a4/wrapt-2.2.2-cp314-cp314t-manylinux2014_aarch64.manylinux_2_17_aarch64.manylinux_2_28_aarch64.whl", hash = "sha256:bbf00ee0cb55ec24e2b0995a71942b85b21a066db8f3f46e1dbfdb9433ffba81", size = 210449, upload-time = "2026-06-20T23:49:11.521Z" },
    { url = "https://files.pythonhosted.org/packages/2d/6f/17fd9e053103d8be148d20d5d7505facc72d5fe1f9127973904ceaed79cf/wrapt-2.2.2-cp314-cp314t-manylinux_2_31_riscv64.manylinux_2_39_riscv64.whl", hash = "sha256:2252f77663651b89255895f58cc6ac08fcb206d4371813e5af61bb62d4f7689c", size = 195349, upload-time = "2026-06-20T23:49:13.346Z" },
    { url = "https://files.pythonhosted.org/packages/ef/04/d0d1ccaaa12cb7dccf28a23f0279a608ba498f71e81d949d5ed54bcfd5c1/wrapt-2.2.2-cp314-cp314t-musllinux_1_2_aarch64.whl", hash = "sha256:2cd7181ab1c31192ff5219269830744b5a62020b3a6d433588c4f1c95b8f8bff", size = 206099, upload-time = "2026-06-20T23:49:15.051Z" },
    { url = "https://files.pythonhosted.org/packages/44/b3/e8aa07b619890a2aa6cde1931b1887abb08820721b564a5f80b7ca3f3aa0/wrapt-2.2.2-cp314-cp314t-musllinux_1_2_riscv64.whl", hash = "sha256:6fe35fd51b74867d8b80174c277bd6bbf6a73e443f908129dc531c4b688a20d5", size = 192728, upload-time = "2026-06-20T23:49:16.854Z" },
    { url = "https://files.pythonhosted.org/packages/b7/f0/1819fb50f0d3c9bd758d8a83b56f1b470dee8b5b8eac8702b7c137cea9d4/wrapt-2.2.2-cp314-cp314t-musllinux_1_2_x86_64.whl", hash = "sha256:11d95fc2fbad3163596c39d440e6f21ca9fccece74b56e30a37ac2fca786a07c", size = 198842, upload-time = "2026-06-20T23:49:18.504Z" },
    { url = "https://files.pythonhosted.org/packages/67/7c/e88313f16a99930b899ef970d91c281544a470749a359decad994483bbda/wrapt-2.2.2-cp314-cp314t-win32.whl", hash = "sha256:d8a15813215f33fa83667bfc978b300e35669ea8bb424e970a1426bcb7bc6cca", size = 79059, upload-time = "2026-06-20T23:49:20.107Z" },
    { url = "https://files.pythonhosted.org/packages/a0/4f/ac12fda57a55068a094ec42851fb0a40e8489d8941863d517452de62e507/wrapt-2.2.2-cp314-cp314t-win_amd64.whl", hash = "sha256:d09db0f7e8357060d3c38fc22a018aba683a796bf184360fd1a58f6fc180dc77", size = 82462, upload-time = "2026-06-20T23:49:21.631Z" },
    { url = "https://files.pythonhosted.org/packages/48/a7/df732dac86d9b2027c56bd163dbc883e037b16c3469614752e148d219c61/wrapt-2.2.2-cp314-cp314t-win_arm64.whl", hash = "sha256:f32fe639c39561ccc187bcae17e9271be0eb45f1c2952510d2f29b33ab577347", size = 81182, upload-time = "2026-06-20T23:49:23.199Z" },
    { url = "https://files.pythonhosted.org/packages/6e/d2/6317eb6d4554855bbf12d61857774af34747bf88a42c19bf306de67e2fa3/wrapt-2.2.2-py3-none-any.whl", hash = "sha256:5bad217350f19ce99ca5b5e71d406765ea86fe541628426772b657375ee1c048", size = 61460, upload-time = "2026-06-20T23:49:42.966Z" },
]
